<?xml version="1.0" encoding="utf-8"?>
<Project ToolsVersion="4.0" xmlns="http://schemas.microsoft.com/developer/msbuild/2003">
  <ItemGroup>
    <Filter Include="src">
      <UniqueIdentifier>{4FC737F1-C7A5-4376-A066-2A32D752A2FF}</UniqueIdentifier>
      <Extensions>cpp;c;cc;cxx;def;odl;idl;hpj;bat;asm;asmx</Extensions>
    </Filter>
  </ItemGroup>
  <ItemGroup>
    <ClCompile Include="src\main.cpp">
      <Filter>src</Filter>
    </ClCompile>
    <ClCompile Include="src\cameraCelib.cpp">
      <Filter>src</Filter>
    </ClCompile>
    <ClCompile Include="src\gameCommon.cpp">
      <Filter>src</Filter>
    </ClCompile>
    <ClCompile Include="src\detect.cpp">
      <Filter>src</Filter>
    </ClCompile>
    <ClCompile Include="src\motionDetection.cpp">
      <Filter>src</Filter>
    </ClCompile>
  </ItemGroup>
  <ItemGroup>
    <ClInclude Include="src\cameraCelib.h">
      <Filter>src</Filter>
    </ClInclude>
    <ClInclude Include="src\gameCommon.h">
      <Filter>src</Filter>
    </ClInclude>
    <ClInclude Include="src\detect.h">
      <Filter>src</Filter>
    </ClInclude>
    <ClInclude Include="src\motionDetection.h">
      <Filter>src</Filter>
    </ClInclude>
  </ItemGroup>
</Project>